# THIS IS AN AUTOGENERATED FILE. DO NOT EDIT THIS FILE DIRECTLY.
# yarn lockfile v1


ansi-styles@^4.1.0:
  version "4.3.0"
  resolved "https://registry.yarnpkg.com/ansi-styles/-/ansi-styles-4.3.0.tgz#edd803628ae71c04c85ae7a0906edad34b648937"
  integrity sha512-zbB9rCJAT1rbjiVDb2hqKFHNYLxgtk8NURxZ3IZwD3F6NtxbXZQCnnSi1Lkx+IDohdPlFp222wVALIheZJQSEg==
  dependencies:
    color-convert "^2.0.1"

chalk@^4.1.0:
  version "4.1.0"
  resolved "https://registry.yarnpkg.com/chalk/-/chalk-4.1.0.tgz#4e14870a618d9e2edd97dd8345fd9d9dc315646a"
  integrity sha512-qwx12AxXe2Q5xQ43Ac//I6v5aXTipYrSESdOgzrN+9XjgEpyjpKuvSGaN4qE93f7TQTlerQQ8S+EQ0EyDoVL1A==
  dependencies:
    ansi-styles "^4.1.0"
    supports-color "^7.1.0"

color-convert@^2.0.1:
  version "2.0.1"
  resolved "https://registry.yarnpkg.com/color-convert/-/color-convert-2.0.1.tgz#72d3a68d598c9bdb3af2ad1e84f21d896abd4de3"
  integrity sha512-RRECPsj7iu/xb5oKYcsFHSppFNnsj/52OVTRKb4zP5onXwVF3zVmmToNcOfGC+CRDpfK/U584fMg38ZHCaElKQ==
  dependencies:
    color-name "~1.1.4"

color-name@~1.1.4:
  version "1.1.4"
  resolved "https://registry.yarnpkg.com/color-name/-/color-name-1.1.4.tgz#c2a09a87acbde69543de6f63fa3995c826c536a2"
  integrity sha512-dOy+3AuW3a2wNbZHIuMZpTcgjGuLU/uBL/ubcZF9OXbDo8ff4O8yVp5Bf0efS8uEoYo5q4Fx7dY9OgQGXgAsQA==

commander@^7.2.0:
  version "7.2.0"
  resolved "https://registry.yarnpkg.com/commander/-/commander-7.2.0.tgz#a36cb57d0b501ce108e4d20559a150a391d97ab7"
  integrity sha512-QrWXB+ZQSVPmIWIhtEO9H+gwHaMGYiF5ChvoJ+K9ZGHG/sVsa6yiesAD1GC/x46sET00Xlwo1u49RVVVzvcSkw==

edit-json-file@^1.6.0:
  version "1.6.0"
  resolved "https://registry.yarnpkg.com/edit-json-file/-/edit-json-file-1.6.0.tgz#ff51a1648e40ab7613c912f33a2d1079d9b03f63"
  integrity sha512-m2l38nUbRLxE4rfKC03PYujSGsjpGlF9PyenteiT/rXCGdk7CVoSS2BJEiGUBoAPfGSsiZv8yA5x81WAoQJbuQ==
  dependencies:
    find-value "^1.0.3"
    iterate-object "^1.3.2"
    r-json "^1.2.5"
    set-value "^3.0.1"
    w-json "^1.3.5"

find-value@^1.0.3:
  version "1.0.12"
  resolved "https://registry.yarnpkg.com/find-value/-/find-value-1.0.12.tgz#68b6cec84e5b2d51272965e0bf09b26c9159c26e"
  integrity sha512-OCpo8LTk8eZ2sdDCwbU2Lc3ivYsdM6yod6jP2jHcNEFcjPhkgH0+POzTIol7xx1LZgtbI5rkO5jqxsG5MWtPjQ==

has-flag@^4.0.0:
  version "4.0.0"
  resolved "https://registry.yarnpkg.com/has-flag/-/has-flag-4.0.0.tgz#944771fd9c81c81265c4d6941860da06bb59479b"
  integrity sha512-EykJT/Q1KjTWctppgIAgfSO0tKVuZUjhgMr17kqTumMl6Afv3EISleU7qZUzoXDFTAHTDC4NOoG/ZxU3EvlMPQ==

is-plain-object@^2.0.4:
  version "2.0.4"
  resolved "https://registry.yarnpkg.com/is-plain-object/-/is-plain-object-2.0.4.tgz#2c163b3fafb1b606d9d17928f05c2a1c38e07677"
  integrity sha512-h5PpgXkWitc38BBMYawTYMWJHFZJVnBquFE57xFpjB8pJFiF6gZ+bU+WyI/yqXiFR5mdLsgYNaPe8uao6Uv9Og==
  dependencies:
    isobject "^3.0.1"

isobject@^3.0.1:
  version "3.0.1"
  resolved "https://registry.yarnpkg.com/isobject/-/isobject-3.0.1.tgz#4e431e92b11a9731636aa1f9c8d1ccbcfdab78df"
  integrity sha1-TkMekrEalzFjaqH5yNHMvP2reN8=

iterate-object@^1.3.2:
  version "1.3.4"
  resolved "https://registry.yarnpkg.com/iterate-object/-/iterate-object-1.3.4.tgz#fa50b1d9e58e340a7dd6b4c98c8a5e182e790096"
  integrity sha512-4dG1D1x/7g8PwHS9aK6QV5V94+ZvyP4+d19qDv43EzImmrndysIl4prmJ1hWWIGCqrZHyaHBm6BSEWHOLnpoNw==

r-json@^1.2.5:
  version "1.2.10"
  resolved "https://registry.yarnpkg.com/r-json/-/r-json-1.2.10.tgz#62a73d9cafa7eabf670e5c2812c27bdb220a968b"
  integrity sha512-hu9vyLjSlHXT62NAS7DjI9WazDlvjN0lgp3n431dCVnirVcLkZIpzSwA3orhZEKzdDD2jqNYI+w0yG0aFf4kpA==

set-value@^3.0.1:
  version "3.0.2"
  resolved "https://registry.yarnpkg.com/set-value/-/set-value-3.0.2.tgz#74e8ecd023c33d0f77199d415409a40f21e61b90"
  integrity sha512-npjkVoz+ank0zjlV9F47Fdbjfj/PfXyVhZvGALWsyIYU/qrMzpi6avjKW3/7KeSU2Df3I46BrN1xOI1+6vW0hA==
  dependencies:
    is-plain-object "^2.0.4"

supports-color@^7.1.0:
  version "7.2.0"
  resolved "https://registry.yarnpkg.com/supports-color/-/supports-color-7.2.0.tgz#1b7dcdcb32b8138801b3e478ba6a51caa89648da"
  integrity sha512-qpCAvRl9stuOHveKsn7HncJRvv501qIacKzQlO/+Lwxc9+0q2wLyv4Dfvt80/DPn2pqOBsJdDiogXGR9+OvwRw==
  dependencies:
    has-flag "^4.0.0"

w-json@^1.3.5:
  version "1.3.10"
  resolved "https://registry.yarnpkg.com/w-json/-/w-json-1.3.10.tgz#ac448a19ca22376e2753a684b52369c7b1e83313"
  integrity sha512-XadVyw0xE+oZ5FGApXsdswv96rOhStzKqL53uSe5UaTadABGkWIg1+DTx8kiZ/VqTZTBneoL0l65RcPe4W3ecw==
